{
  "lockfile_version": "1",
  "packages": {
    "awscli2@latest": {
      "last_modified": "2025-04-06T11:26:02Z",
      "resolved": "github:NixOS/nixpkgs/74a40410369a1c35ee09b8a1abee6f4acbedc059#awscli2",
      "source": "devbox-search",
      "version": "2.25.5",
      "systems": {
        "aarch64-darwin": {
          "outputs": [
            {
              "name": "out",
              "path": "/nix/store/rd7mfq8k5zms6nb2anzkgjnz3b8k6k8y-awscli2-2.25.5",
              "default": true
            },
            {
              "name": "dist",
              "path": "/nix/store/72572qfdijiczj2mg45csdgvw2r4xsi7-awscli2-2.25.5-dist"
            }
          ],
          "store_path": "/nix/store/rd7mfq8k5zms6nb2anzkgjnz3b8k6k8y-awscli2-2.25.5"
        },
        "aarch64-linux": {
          "outputs": [
            {
              "name": "out",
              "path": "/nix/store/niavn2d3n3yix739lvxppxhqbxkvrd1l-awscli2-2.25.5",
              "default": true
            },
            {
              "name": "dist",
              "path": "/nix/store/v73572iibqll0k5yypx2znzqs3s6wwd9-awscli2-2.25.5-dist"
            }
          ],
          "store_path": "/nix/store/niavn2d3n3yix739lvxppxhqbxkvrd1l-awscli2-2.25.5"
        },
        "x86_64-darwin": {
          "outputs": [
            {
              "name": "out",
              "path": "/nix/store/3mqfwnlrpf3i4hqyv8b8idjapx493gwb-awscli2-2.25.5",
              "default": true
            },
            {
              "name": "dist",
              "path": "/nix/store/h8ynyk2kjwy3fgdlxs5zmlx305d45l3i-awscli2-2.25.5-dist"
            }
          ],
          "store_path": "/nix/store/3mqfwnlrpf3i4hqyv8b8idjapx493gwb-awscli2-2.25.5"
        },
        "x86_64-linux": {
          "outputs": [
            {
              "name": "out",
              "path": "/nix/store/k0bhq29y0gxyzzcg6jk0jk43m7ikq5p4-awscli2-2.25.5",
              "default": true
            },
            {
              "name": "dist",
              "path": "/nix/store/siiq9nvsb0fqfx3qqc2l39dq24akdvzy-awscli2-2.25.5-dist"
            }
          ],
          "store_path": "/nix/store/k0bhq29y0gxyzzcg6jk0jk43m7ikq5p4-awscli2-2.25.5"
        }
      }
    },
    "bc@latest": {
      "last_modified": "2025-02-07T11:26:36Z",
      "resolved": "github:NixOS/nixpkgs/d98abf5cf5914e5e4e9d57205e3af55ca90ffc1d#bc",
      "source": "devbox-search",
      "version": "1.07.1",
      "systems": {
        "aarch64-darwin": {
          "outputs": [
            {
              "name": "out",
              "path": "/nix/store/vbpa5cim632v5m8lkd3jx6gfmny1m6vf-bc-1.07.1",
              "default": true
            }
          ],
          "store_path": "/nix/store/vbpa5cim632v5m8lkd3jx6gfmny1m6vf-bc-1.07.1"
        },
        "aarch64-linux": {
          "outputs": [
            {
              "name": "out",
              "path": "/nix/store/49rm0gkxa9mrfnvzvgnfmcmwim3ilc16-bc-1.07.1",
              "default": true
            }
          ],
          "store_path": "/nix/store/49rm0gkxa9mrfnvzvgnfmcmwim3ilc16-bc-1.07.1"
        },
        "x86_64-darwin": {
          "outputs": [
            {
              "name": "out",
              "path": "/nix/store/4b3aqnqpnqd8j425f0isg4bfr56wiyfr-bc-1.07.1",
              "default": true
            }
          ],
          "store_path": "/nix/store/4b3aqnqpnqd8j425f0isg4bfr56wiyfr-bc-1.07.1"
        },
        "x86_64-linux": {
          "outputs": [
            {
              "name": "out",
              "path": "/nix/store/4bfbksfiy1b6r6yna9hh39qv8jfi33n7-bc-1.07.1",
              "default": true
            }
          ],
          "store_path": "/nix/store/4bfbksfiy1b6r6yna9hh39qv8jfi33n7-bc-1.07.1"
        }
      }
    },
    "direnv@latest": {
      "last_modified": "2025-02-07T11:26:36Z",
      "resolved": "github:NixOS/nixpkgs/d98abf5cf5914e5e4e9d57205e3af55ca90ffc1d#direnv",
      "source": "devbox-search",
      "version": "2.35.0",
      "systems": {
        "aarch64-darwin": {
          "outputs": [
            {
              "name": "out",
              "path": "/nix/store/4dg5yb1b41ygk74ghib220aics90p44m-direnv-2.35.0",
              "default": true
            }
          ],
          "store_path": "/nix/store/4dg5yb1b41ygk74ghib220aics90p44m-direnv-2.35.0"
        },
        "aarch64-linux": {
          "outputs": [
            {
              "name": "out",
              "path": "/nix/store/gk8vgnjw21i4grcvjf6d879a1wysj4aq-direnv-2.35.0",
              "default": true
            }
          ],
          "store_path": "/nix/store/gk8vgnjw21i4grcvjf6d879a1wysj4aq-direnv-2.35.0"
        },
        "x86_64-darwin": {
          "outputs": [
            {
              "name": "out",
              "path": "/nix/store/3zjm59hmy9j95j553dfn1mhqb3kjglmy-direnv-2.35.0",
              "default": true
            }
          ],
          "store_path": "/nix/store/3zjm59hmy9j95j553dfn1mhqb3kjglmy-direnv-2.35.0"
        },
        "x86_64-linux": {
          "outputs": [
            {
              "name": "out",
              "path": "/nix/store/g7yx0vj7bykfpp27klsa12fcx7pn3sqv-direnv-2.35.0",
              "default": true
            }
          ],
          "store_path": "/nix/store/g7yx0vj7bykfpp27klsa12fcx7pn3sqv-direnv-2.35.0"
        }
      }
    },
    "github:NixOS/nixpkgs/nixpkgs-unstable": {
      "last_modified": "2025-05-12T14:38:58Z",
      "resolved": "github:NixOS/nixpkgs/eaeed9530c76ce5f1d2d8232e08bec5e26f18ec1?lastModified=1747060738&narHash=sha256-ByfPRQuqj%2BnhtVV0koinEpmJw0KLzNbgcgi9EF%2BNVow%3D"
    }
  }
}
